// !$*UTF8*$!
{
	archiveVersion = 1;
	classes = {
	};
	objectVersion = 46;
	objects = {

/* Begin PBXBuildFile section */
		F641B1591D2BA44E00BD62AD /* main.cpp in Sources */ = {isa = PBXBuildFile; fileRef = F641B1581D2BA44E00BD62AD /* main.cpp */; };
/* End PBXBuildFile section */

/* Begin PBXCopyFilesBuildPhase section */
		F641B1531D2BA44E00BD62AD /* CopyFiles */ = {
			isa = PBXCopyFilesBuildPhase;
			buildActionMask = 2147483647;
			dstPath = /usr/share/man/man1/;
			dstSubfolderSpec = 0;
			files = (
			);
			runOnlyForDeploymentPostprocessing = 1;
		};
/* End PBXCopyFilesBuildPhase section */

/* Begin PBXFileReference section */
		F641B1551D2BA44E00BD62AD /* preEnum */ = {isa = PBXFileReference; explicitFileType = "compiled.mach-o.executable"; includeInIndex = 0; path = preEnum; sourceTree = BUILT_PRODUCTS_DIR; };
		F641B1581D2BA44E00BD62AD /* main.cpp */ = {isa = PBXFileReference; lastKnownFileType = sourcecode.cpp.cpp; path = main.cpp; sourceTree = "<group>"; };
/* End PBXFileReference section */

/* Begin PBXFrameworksBuildPhase section */
		F641B1521D2BA44E00BD62AD /* Frameworks */ = {
			isa = PBXFrameworksBuildPhase;
			buildActionMask = 2147483647;
			files = (
			);
			runOnlyForDeploymentPostprocessing = 0;
		};
/* End PBXFrameworksBuildPhase section */

/* Begin PBXGroup section */
		F641B14C1D2BA44E00BD62AD = {
			isa = PBXGroup;
			children = (
				F641B1571D2BA44E00BD62AD /* preEnum */,
				F641B1561D2BA44E00BD62AD /* Products */,
			);
			sourceTree = "<group>";
		};
		F641B1561D2BA44E00BD62AD /* Products */ = {
			isa = PBXGroup;
			children = (
				F641B1551D2BA44E00BD62AD /* preEnum */,
			);
			name = Products;
			sourceTree = "<group>";
		};
		F641B1571D2BA44E00BD62AD /* preEnum */ = {
			isa = PBXGroup;
			children = (
				F641B1581D2BA44E00BD62AD /* main.cpp */,
			);
			path = preEnum;
			sourceTree = "<group>";
		};
/* End PBXGroup section */

/* Begin PBXNativeTarget section */
		F641B1541D2BA44E00BD62AD /* preEnum */ = {
			isa = PBXNativeTarget;
			buildConfigurationList = F641B15C1D2BA44E00BD62AD /* Build configuration list for PBXNativeTarget "preEnum" */;
			buildPhases = (
				F641B1511D2BA44E00BD62AD /* Sources */,
				F641B1521D2BA44E00BD62AD /* Frameworks */,
				F641B1531D2BA44E00BD62AD /* CopyFiles */,
			);
			buildRules = (
			);
			dependencies = (
			);
			name = preEnum;
			productName = preEnum;
			productReference = F641B1551D2BA44E00BD62AD /* preEnum */;
			productType = "com.apple.product-type.tool";
		};
/* End PBXNativeTarget section */

/* Begin PBXProject section */
		F641B14D1D2BA44E00BD62AD /* Project object */ = {
			isa = PBXProject;
			attributes = {
				LastUpgradeCheck = 0620;
				ORGANIZATIONNAME = "Amy McNeill";
				TargetAttributes = {
					F641B1541D2BA44E00BD62AD = {
						CreatedOnToolsVersion = 6.2;
					};
				};
			};
			buildConfigurationList = F641B1501D2BA44E00BD62AD /* Build configuration list for PBXProject "preEnum" */;
			compatibilityVersion = "Xcode 3.2";
			developmentRegion = English;
			hasScannedForEncodings = 0;
			knownRegions = (
				en,
			);
			mainGroup = F641B14C1D2BA44E00BD62AD;
			productRefGroup = F641B1561D2BA44E00BD62AD /* Products */;
			projectDirPath = "";
			projectRoot = "";
			targets = (
				F641B1541D2BA44E00BD62AD /* preEnum */,
			);
		};
/* End PBXProject section */

/* Begin PBXSourcesBuildPhase section */
		F641B1511D2BA44E00BD62AD /* Sources */ = {
			isa = PBXSourcesBuildPhase;
			buildActionMask = 2147483647;
			files = (
				F641B1591D2BA44E00BD62AD /* main.cpp in Sources */,
			);
			runOnlyForDeploymentPostprocessing = 0;
		};
/* End PBXSourcesBuildPhase section */

/* Begin XCBuildConfiguration section */
		F641B15A1D2BA44E00BD62AD /* Debug */ = {
			isa = XCBuildConfiguration;
			buildSettings = {
				ALWAYS_SEARCH_USER_PATHS = NO;
				CLANG_CXX_LANGUAGE_STANDARD = "gnu++0x";
				CLANG_CXX_LIBRARY = "libc++";
				CLANG_ENABLE_MODULES = YES;
				CLANG_ENABLE_OBJC_ARC = YES;
				CLANG_WARN_BOOL_CONVERSION = YES;
				CLANG_WARN_CONSTANT_CONVERSION = YES;
				CLANG_WARN_DIRECT_OBJC_ISA_USAGE = YES_ERROR;
				CLANG_WARN_EMPTY_BODY = YES;
				CLANG_WARN_ENUM_CONVERSION = YES;
				CLANG_WARN_INT_CONVERSION = YES;
				CLANG_WARN_OBJC_ROOT_CLASS = YES_ERROR;
				CLANG_WARN_UNREACHABLE_CODE = YES;
				CLANG_WARN__DUPLICATE_METHOD_MATCH = YES;
				COPY_PHASE_STRIP = NO;
				ENABLE_STRICT_OBJC_MSGSEND = YES;
				GCC_C_LANGUAGE_STANDARD = gnu99;
				GCC_DYNAMIC_NO_PIC = NO;
				GCC_OPTIMIZATION_LEVEL = 0;
				GCC_PREPROCESSOR_DEFINITIONS = (
					"DEBUG=1",
					"$(inherited)",
				);
				GCC_SYMBOLS_PRIVATE_EXTERN = NO;
				GCC_WARN_64_TO_32_BIT_CONVERSION = YES;
				GCC_WARN_ABOUT_RETURN_TYPE = YES_ERROR;
				GCC_WARN_UNDECLARED_SELECTOR = YES;
				GCC_WARN_UNINITIALIZED_AUTOS = YES_AGGRESSIVE;
				GCC_WARN_UNUSED_FUNCTION = YES;
				GCC_WARN_UNUSED_VARIABLE = YES;
				MACOSX_DEPLOYMENT_TARGET = 10.11;
				MTL_ENABLE_DEBUG_INFO = YES;
				ONLY_ACTIVE_ARCH = YES;
				SDKROOT = macosx;
			};
			name = Debug;
		};
		F641B15B1D2BA44E00BD62AD /* Release */ = {
			isa = XCBuildConfiguration;
			buildSettings = {
				ALWAYS_SEARCH_USER_PATHS = NO;
				CLANG_CXX_LANGUAGE_STANDARD = "gnu++0x";
				CLANG_CXX_LIBRARY = "libc++";
				CLANG_ENABLE_MODULES = YES;
				CLANG_ENABLE_OBJC_ARC = YES;
				CLANG_WARN_BOOL_CONVERSION = YES;
				CLANG_WARN_CONSTANT_CONVERSION = YES;
				CLANG_WARN_DIRECT_OBJC_ISA_USAGE = YES_ERROR;
				CLANG_WARN_EMPTY_BODY = YES;
				CLANG_WARN_ENUM_CONVERSION = YES;
				CLANG_WARN_INT_CONVERSION = YES;
				CLANG_WARN_OBJC_ROOT_CLASS = YES_ERROR;
				CLANG_WARN_UNREACHABLE_CODE = YES;
				CLANG_WARN__DUPLICATE_METHOD_MATCH = YES;
				COPY_PHASE_STRIP = NO;
				DEBUG_INFORMATION_FORMAT = "dwarf-with-dsym";
				ENABLE_NS_ASSERTIONS = NO;
				ENABLE_STRICT_OBJC_MSGSEND = YES;
				GCC_C_LANGUAGE_STANDARD = gnu99;
				GCC_WARN_64_TO_32_BIT_CONVERSION = YES;
				GCC_WARN_ABOUT_RETURN_TYPE = YES_ERROR;
				GCC_WARN_UNDECLARED_SELECTOR = YES;
				GCC_WARN_UNINITIALIZED_AUTOS = YES_AGGRESSIVE;
				GCC_WARN_UNUSED_FUNCTION = YES;
				GCC_WARN_UNUSED_VARIABLE = YES;
				MACOSX_DEPLOYMENT_TARGET = 10.11;
				MTL_ENABLE_DEBUG_INFO = NO;
				SDKROOT = macosx;
			};
			name = Release;
		};
		F641B15D1D2BA44E00BD62AD /* Debug */ = {
			isa = XCBuildConfiguration;
			buildSettings = {
				PRODUCT_NAME = "$(TARGET_NAME)";
			};
			name = Debug;
		};
		F641B15E1D2BA44E00BD62AD /* Release */ = {
			isa = XCBuildConfiguration;
			buildSettings = {
				PRODUCT_NAME = "$(TARGET_NAME)";
			};
			name = Release;
		};
/* End XCBuildConfiguration section */

/* Begin XCConfigurationList section */
		F641B1501D2BA44E00BD62AD /* Build configuration list for PBXProject "preEnum" */ = {
			isa = XCConfigurationList;
			buildConfigurations = (
				F641B15A1D2BA44E00BD62AD /* Debug */,
				F641B15B1D2BA44E00BD62AD /* Release */,
			);
			defaultConfigurationIsVisible = 0;
			defaultConfigurationName = Release;
		};
		F641B15C1D2BA44E00BD62AD /* Build configuration list for PBXNativeTarget "preEnum" */ = {
			isa = XCConfigurationList;
			buildConfigurations = (
				F641B15D1D2BA44E00BD62AD /* Debug */,
				F641B15E1D2BA44E00BD62AD /* Release */,
			);
			defaultConfigurationIsVisible = 0;
		};
/* End XCConfigurationList section */
	};
	rootObject = F641B14D1D2BA44E00BD62AD /* Project object */;
}
